
Microsoft Visual Studio Solution File, Format Version 12.00
# Visual Studio Version 16
VisualStudioVersion = 16.0.31829.152
MinimumVisualStudioVersion = 10.0.40219.1
Project("{FAE04EC0-301F-11D3-BF4B-00C04F79EFBC}") = "SDA2035_19HW", "SDA2035_19HW\SDA2035_19HW.csproj", "{CBD121C1-F591-4199-81E9-1F7D1369E649}"
EndProject
Global
	GlobalSection(SolutionConfigurationPlatforms) = preSolution
		Debug|Any CPU = Debug|Any CPU
		Release|Any CPU = Release|Any CPU
	EndGlobalSection
	GlobalSection(ProjectConfigurationPlatforms) = postSolution
		{CBD121C1-F591-4199-81E9-1F7D1369E649}.Debug|Any CPU.ActiveCfg = Debug|Any CPU
		{CBD121C1-F591-4199-81E9-1F7D1369E649}.Debug|Any CPU.Build.0 = Debug|Any CPU
		{CBD121C1-F591-4199-81E9-1F7D1369E649}.Release|Any CPU.ActiveCfg = Release|Any CPU
		{CBD121C1-F591-4199-81E9-1F7D1369E649}.Release|Any CPU.Build.0 = Release|Any CPU
	EndGlobalSection
	GlobalSection(SolutionProperties) = preSolution
		HideSolutionNode = FALSE
	EndGlobalSection
	GlobalSection(ExtensibilityGlobals) = postSolution
		SolutionGuid = {07C03D15-E6A1-40CB-95EE-A5F1FAF6081D}
	EndGlobalSection
EndGlobal
